
Microsoft Visual Studio Solution File, Format Version 12.00
# Visual Studio Version 17
VisualStudioVersion = 17.3.32901.215
MinimumVisualStudioVersion = 10.0.40219.1
Project("{FAE04EC0-301F-11D3-BF4B-00C04F79EFBC}") = "PRJ_Delivery", "PRJ_Delivery\PRJ_Delivery.csproj", "{C6EEB43E-A199-45A6-9733-69A4A696AE4B}"
EndProject
Global
	GlobalSection(SolutionConfigurationPlatforms) = preSolution
		Debug|Any CPU = Debug|Any CPU
		Release|Any CPU = Release|Any CPU
	EndGlobalSection
	GlobalSection(ProjectConfigurationPlatforms) = postSolution
		{C6EEB43E-A199-45A6-9733-69A4A696AE4B}.Debug|Any CPU.ActiveCfg = Debug|Any CPU
		{C6EEB43E-A199-45A6-9733-69A4A696AE4B}.Debug|Any CPU.Build.0 = Debug|Any CPU
		{C6EEB43E-A199-45A6-9733-69A4A696AE4B}.Release|Any CPU.ActiveCfg = Release|Any CPU
		{C6EEB43E-A199-45A6-9733-69A4A696AE4B}.Release|Any CPU.Build.0 = Release|Any CPU
	EndGlobalSection
	GlobalSection(SolutionProperties) = preSolution
		HideSolutionNode = FALSE
	EndGlobalSection
	GlobalSection(ExtensibilityGlobals) = postSolution
		SolutionGuid = {0BE973AB-1E25-4CE9-BEF8-D32D6109449C}
	EndGlobalSection
EndGlobal
